// !$*UTF8*$!
{
	archiveVersion = 1;
	classes = {
	};
	objectVersion = 46;
	objects = {

/* Begin PBXBuildFile section */
		035227351EFF6035009D773F /* AppDelegate.swift in Sources */ = {isa = PBXBuildFile; fileRef = 035227341EFF6035009D773F /* AppDelegate.swift */; };
		035227371EFF6035009D773F /* ViewController.swift in Sources */ = {isa = PBXBuildFile; fileRef = 035227361EFF6035009D773F /* ViewController.swift */; };
		0352273A1EFF6035009D773F /* Main.storyboard in Resources */ = {isa = PBXBuildFile; fileRef = 035227381EFF6035009D773F /* Main.storyboard */; };
		0352273C1EFF6035009D773F /* Assets.xcassets in Resources */ = {isa = PBXBuildFile; fileRef = 0352273B1EFF6035009D773F /* Assets.xcassets */; };
		0352273F1EFF6035009D773F /* LaunchScreen.storyboard in Resources */ = {isa = PBXBuildFile; fileRef = 0352273D1EFF6035009D773F /* LaunchScreen.storyboard */; };
/* End PBXBuildFile section */

/* Begin PBXFileReference section */
		035227311EFF6035009D773F /* CALL.app */ = {isa = PBXFileReference; explicitFileType = wrapper.application; includeInIndex = 0; path = CALL.app; sourceTree = BUILT_PRODUCTS_DIR; };
		035227341EFF6035009D773F /* AppDelegate.swift */ = {isa = PBXFileReference; lastKnownFileType = sourcecode.swift; path = AppDelegate.swift; sourceTree = "<group>"; };
		035227361EFF6035009D773F /* ViewController.swift */ = {isa = PBXFileReference; lastKnownFileType = sourcecode.swift; path = ViewController.swift; sourceTree = "<group>"; };
		035227391EFF6035009D773F /* Base */ = {isa = PBXFileReference; lastKnownFileType = file.storyboard; name = Base; path = Base.lproj/Main.storyboard; sourceTree = "<group>"; };
		0352273B1EFF6035009D773F /* Assets.xcassets */ = {isa = PBXFileReference; lastKnownFileType = folder.assetcatalog; path = Assets.xcassets; sourceTree = "<group>"; };
		0352273E1EFF6035009D773F /* Base */ = {isa = PBXFileReference; lastKnownFileType = file.storyboard; name = Base; path = Base.lproj/LaunchScreen.storyboard; sourceTree = "<group>"; };
		035227401EFF6035009D773F /* Info.plist */ = {isa = PBXFileReference; lastKnownFileType = text.plist.xml; path = Info.plist; sourceTree = "<group>"; };
/* End PBXFileReference section */

/* Begin PBXFrameworksBuildPhase section */
		0352272E1EFF6035009D773F /* Frameworks */ = {
			isa = PBXFrameworksBuildPhase;
			buildActionMask = 2147483647;
			files = (
			);
			runOnlyForDeploymentPostprocessing = 0;
		};
/* End PBXFrameworksBuildPhase section */

/* Begin PBXGroup section */
		035227281EFF6035009D773F = {
			isa = PBXGroup;
			children = (
				035227331EFF6035009D773F /* CALL */,
				035227321EFF6035009D773F /* Products */,
			);
			sourceTree = "<group>";
		};
		035227321EFF6035009D773F /* Products */ = {
			isa = PBXGroup;
			children = (
				035227311EFF6035009D773F /* CALL.app */,
			);
			name = Products;
			sourceTree = "<group>";
		};
		035227331EFF6035009D773F /* CALL */ = {
			isa = PBXGroup;
			children = (
				035227341EFF6035009D773F /* AppDelegate.swift */,
				035227361EFF6035009D773F /* ViewController.swift */,
				035227381EFF6035009D773F /* Main.storyboard */,
				0352273B1EFF6035009D773F /* Assets.xcassets */,
				0352273D1EFF6035009D773F /* LaunchScreen.storyboard */,
				035227401EFF6035009D773F /* Info.plist */,
			);
			path = CALL;
			sourceTree = "<group>";
		};
/* End PBXGroup section */

/* Begin PBXNativeTarget section */
		035227301EFF6035009D773F /* CALL */ = {
			isa = PBXNativeTarget;
			buildConfigurationList = 035227431EFF6035009D773F /* Build configuration list for PBXNativeTarget "CALL" */;
			buildPhases = (
				0352272D1EFF6035009D773F /* Sources */,
				0352272E1EFF6035009D773F /* Frameworks */,
				0352272F1EFF6035009D773F /* Resources */,
			);
			buildRules = (
			);
			dependencies = (
			);
			name = CALL;
			productName = CALL;
			productReference = 035227311EFF6035009D773F /* CALL.app */;
			productType = "com.apple.product-type.application";
		};
/* End PBXNativeTarget section */

/* Begin PBXProject section */
		035227291EFF6035009D773F /* Project object */ = {
			isa = PBXProject;
			attributes = {
				LastSwiftUpdateCheck = 0830;
				LastUpgradeCheck = 0830;
				ORGANIZATIONNAME = "Greg Niemann";
				TargetAttributes = {
					035227301EFF6035009D773F = {
						CreatedOnToolsVersion = 8.3.3;
						DevelopmentTeam = RKW24GNQGV;
						ProvisioningStyle = Automatic;
					};
				};
			};
			buildConfigurationList = 0352272C1EFF6035009D773F /* Build configuration list for PBXProject "CALL" */;
			compatibilityVersion = "Xcode 3.2";
			developmentRegion = English;
			hasScannedForEncodings = 0;
			knownRegions = (
				en,
				Base,
			);
			mainGroup = 035227281EFF6035009D773F;
			productRefGroup = 035227321EFF6035009D773F /* Products */;
			projectDirPath = "";
			projectRoot = "";
			targets = (
				035227301EFF6035009D773F /* CALL */,
			);
		};
/* End PBXProject section */

/* Begin PBXResourcesBuildPhase section */
		0352272F1EFF6035009D773F /* Resources */ = {
			isa = PBXResourcesBuildPhase;
			buildActionMask = 2147483647;
			files = (
				0352273F1EFF6035009D773F /* LaunchScreen.storyboard in Resources */,
				0352273C1EFF6035009D773F /* Assets.xcassets in Resources */,
				0352273A1EFF6035009D773F /* Main.storyboard in Resources */,
			);
			runOnlyForDeploymentPostprocessing = 0;
		};
/* End PBXResourcesBuildPhase section */

/* Begin PBXSourcesBuildPhase section */
		0352272D1EFF6035009D773F /* Sources */ = {
			isa = PBXSourcesBuildPhase;
			buildActionMask = 2147483647;
			files = (
				035227371EFF6035009D773F /* ViewController.swift in Sources */,
				035227351EFF6035009D773F /* AppDelegate.swift in Sources */,
			);
			runOnlyForDeploymentPostprocessing = 0;
		};
/* End PBXSourcesBuildPhase section */

/* Begin PBXVariantGroup section */
		035227381EFF6035009D773F /* Main.storyboard */ = {
			isa = PBXVariantGroup;
			children = (
				035227391EFF6035009D773F /* Base */,
			);
			name = Main.storyboard;
			sourceTree = "<group>";
		};
		0352273D1EFF6035009D773F /* LaunchScreen.storyboard */ = {
			isa = PBXVariantGroup;
			children = (
				0352273E1EFF6035009D773F /* Base */,
			);
			name = LaunchScreen.storyboard;
			sourceTree = "<group>";
		};
/* End PBXVariantGroup section */

/* Begin XCBuildConfiguration section */
		035227411EFF6035009D773F /* Debug */ = {
			isa = XCBuildConfiguration;
			buildSettings = {
				ALWAYS_SEARCH_USER_PATHS = NO;
				CLANG_ANALYZER_NONNULL = YES;
				CLANG_ANALYZER_NUMBER_OBJECT_CONVERSION = YES_AGGRESSIVE;
				CLANG_CXX_LANGUAGE_STANDARD = "gnu++0x";
				CLANG_CXX_LIBRARY = "libc++";
				CLANG_ENABLE_MODULES = YES;
				CLANG_ENABLE_OBJC_ARC = YES;
				CLANG_WARN_BOOL_CONVERSION = YES;
				CLANG_WARN_CONSTANT_CONVERSION = YES;
				CLANG_WARN_DIRECT_OBJC_ISA_USAGE = YES_ERROR;
				CLANG_WARN_DOCUMENTATION_COMMENTS = YES;
				CLANG_WARN_EMPTY_BODY = YES;
				CLANG_WARN_ENUM_CONVERSION = YES;
				CLANG_WARN_INFINITE_RECURSION = YES;
				CLANG_WARN_INT_CONVERSION = YES;
				CLANG_WARN_OBJC_ROOT_CLASS = YES_ERROR;
				CLANG_WARN_SUSPICIOUS_MOVE = YES;
				CLANG_WARN_UNREACHABLE_CODE = YES;
				CLANG_WARN__DUPLICATE_METHOD_MATCH = YES;
				"CODE_SIGN_IDENTITY[sdk=iphoneos*]" = "iPhone Developer";
				COPY_PHASE_STRIP = NO;
				DEBUG_INFORMATION_FORMAT = dwarf;
				ENABLE_STRICT_OBJC_MSGSEND = YES;
				ENABLE_TESTABILITY = YES;
				GCC_C_LANGUAGE_STANDARD = gnu99;
				GCC_DYNAMIC_NO_PIC = NO;
				GCC_NO_COMMON_BLOCKS = YES;
				GCC_OPTIMIZATION_LEVEL = 0;
				GCC_PREPROCESSOR_DEFINITIONS = (
					"DEBUG=1",
					"$(inherited)",
				);
				GCC_WARN_64_TO_32_BIT_CONVERSION = YES;
				GCC_WARN_ABOUT_RETURN_TYPE = YES_ERROR;
				GCC_WARN_UNDECLARED_SELECTOR = YES;
				GCC_WARN_UNINITIALIZED_AUTOS = YES_AGGRESSIVE;
				GCC_WARN_UNUSED_FUNCTION = YES;
				GCC_WARN_UNUSED_VARIABLE = YES;
				IPHONEOS_DEPLOYMENT_TARGET = 10.3;
				MTL_ENABLE_DEBUG_INFO = YES;
				ONLY_ACTIVE_ARCH = YES;
				SDKROOT = iphoneos;
				SWIFT_ACTIVE_COMPILATION_CONDITIONS = DEBUG;
				SWIFT_OPTIMIZATION_LEVEL = "-Onone";
				TARGETED_DEVICE_FAMILY = "1,2";
			};
			name = Debug;
		};
		035227421EFF6035009D773F /* Release */ = {
			isa = XCBuildConfiguration;
			buildSettings = {
				ALWAYS_SEARCH_USER_PATHS = NO;
				CLANG_ANALYZER_NONNULL = YES;
				CLANG_ANALYZER_NUMBER_OBJECT_CONVERSION = YES_AGGRESSIVE;
				CLANG_CXX_LANGUAGE_STANDARD = "gnu++0x";
				CLANG_CXX_LIBRARY = "libc++";
				CLANG_ENABLE_MODULES = YES;
				CLANG_ENABLE_OBJC_ARC = YES;
				CLANG_WARN_BOOL_CONVERSION = YES;
				CLANG_WARN_CONSTANT_CONVERSION = YES;
				CLANG_WARN_DIRECT_OBJC_ISA_USAGE = YES_ERROR;
				CLANG_WARN_DOCUMENTATION_COMMENTS = YES;
				CLANG_WARN_EMPTY_BODY = YES;
				CLANG_WARN_ENUM_CONVERSION = YES;
				CLANG_WARN_INFINITE_RECURSION = YES;
				CLANG_WARN_INT_CONVERSION = YES;
				CLANG_WARN_OBJC_ROOT_CLASS = YES_ERROR;
				CLANG_WARN_SUSPICIOUS_MOVE = YES;
				CLANG_WARN_UNREACHABLE_CODE = YES;
				CLANG_WARN__DUPLICATE_METHOD_MATCH = YES;
				"CODE_SIGN_IDENTITY[sdk=iphoneos*]" = "iPhone Developer";
				COPY_PHASE_STRIP = NO;
				DEBUG_INFORMATION_FORMAT = "dwarf-with-dsym";
				ENABLE_NS_ASSERTIONS = NO;
				ENABLE_STRICT_OBJC_MSGSEND = YES;
				GCC_C_LANGUAGE_STANDARD = gnu99;
				GCC_NO_COMMON_BLOCKS = YES;
				GCC_WARN_64_TO_32_BIT_CONVERSION = YES;
				GCC_WARN_ABOUT_RETURN_TYPE = YES_ERROR;
				GCC_WARN_UNDECLARED_SELECTOR = YES;
				GCC_WARN_UNINITIALIZED_AUTOS = YES_AGGRESSIVE;
				GCC_WARN_UNUSED_FUNCTION = YES;
				GCC_WARN_UNUSED_VARIABLE = YES;
				IPHONEOS_DEPLOYMENT_TARGET = 10.3;
				MTL_ENABLE_DEBUG_INFO = NO;
				SDKROOT = iphoneos;
				SWIFT_OPTIMIZATION_LEVEL = "-Owholemodule";
				TARGETED_DEVICE_FAMILY = "1,2";
				VALIDATE_PRODUCT = YES;
			};
			name = Release;
		};
		035227441EFF6035009D773F /* Debug */ = {
			isa = XCBuildConfiguration;
			buildSettings = {
				ASSETCATALOG_COMPILER_APPICON_NAME = AppIcon;
				DEVELOPMENT_TEAM = RKW24GNQGV;
				INFOPLIST_FILE = CALL/Info.plist;
				LD_RUNPATH_SEARCH_PATHS = "$(inherited) @executable_path/Frameworks";
				PRODUCT_BUNDLE_IDENTIFIER = mill.army.CALL;
				PRODUCT_NAME = "$(TARGET_NAME)";
				SWIFT_VERSION = 3.0;
			};
			name = Debug;
		};
		035227451EFF6035009D773F /* Release */ = {
			isa = XCBuildConfiguration;
			buildSettings = {
				ASSETCATALOG_COMPILER_APPICON_NAME = AppIcon;
				DEVELOPMENT_TEAM = RKW24GNQGV;
				INFOPLIST_FILE = CALL/Info.plist;
				LD_RUNPATH_SEARCH_PATHS = "$(inherited) @executable_path/Frameworks";
				PRODUCT_BUNDLE_IDENTIFIER = mill.army.CALL;
				PRODUCT_NAME = "$(TARGET_NAME)";
				SWIFT_VERSION = 3.0;
			};
			name = Release;
		};
/* End XCBuildConfiguration section */

/* Begin XCConfigurationList section */
		0352272C1EFF6035009D773F /* Build configuration list for PBXProject "CALL" */ = {
			isa = XCConfigurationList;
			buildConfigurations = (
				035227411EFF6035009D773F /* Debug */,
				035227421EFF6035009D773F /* Release */,
			);
			defaultConfigurationIsVisible = 0;
			defaultConfigurationName = Release;
		};
		035227431EFF6035009D773F /* Build configuration list for PBXNativeTarget "CALL" */ = {
			isa = XCConfigurationList;
			buildConfigurations = (
				035227441EFF6035009D773F /* Debug */,
				035227451EFF6035009D773F /* Release */,
			);
			defaultConfigurationIsVisible = 0;
		};
/* End XCConfigurationList section */
	};
	rootObject = 035227291EFF6035009D773F /* Project object */;
}
